
Microsoft Visual Studio Solution File, Format Version 12.00
# Visual Studio Version 17
VisualStudioVersion = 17.5.002.0
MinimumVisualStudioVersion = 10.0.40219.1
Project("{9A19103F-16F7-4668-BE54-9A1E7A4F7556}") = "recipeManagerBackend", "recipeManagerBackend.csproj", "{4465AFB3-3F72-4F09-985B-F5E1D107E051}"
EndProject
Global
	GlobalSection(SolutionConfigurationPlatforms) = preSolution
		Debug|Any CPU = Debug|Any CPU
		Release|Any CPU = Release|Any CPU
	EndGlobalSection
	GlobalSection(ProjectConfigurationPlatforms) = postSolution
		{4465AFB3-3F72-4F09-985B-F5E1D107E051}.Debug|Any CPU.ActiveCfg = Debug|Any CPU
		{4465AFB3-3F72-4F09-985B-F5E1D107E051}.Debug|Any CPU.Build.0 = Debug|Any CPU
		{4465AFB3-3F72-4F09-985B-F5E1D107E051}.Release|Any CPU.ActiveCfg = Release|Any CPU
		{4465AFB3-3F72-4F09-985B-F5E1D107E051}.Release|Any CPU.Build.0 = Release|Any CPU
	EndGlobalSection
	GlobalSection(SolutionProperties) = preSolution
		HideSolutionNode = FALSE
	EndGlobalSection
	GlobalSection(ExtensibilityGlobals) = postSolution
		SolutionGuid = {A01D20E4-DEFA-464B-8589-C4B400E9BEA9}
	EndGlobalSection
EndGlobal
